
Microsoft Visual Studio Solution File, Format Version 12.00
# Visual Studio Version 17
VisualStudioVersion = 17.0.32014.148
MinimumVisualStudioVersion = 10.0.40219.1
Project("{FAE04EC0-301F-11D3-BF4B-00C04F79EFBC}") = "homework 6.6", "homework 6.6\homework 6.6.csproj", "{949271AF-E9EB-4699-BAA7-31986185DEE5}"
EndProject
Global
	GlobalSection(SolutionConfigurationPlatforms) = preSolution
		Debug|Any CPU = Debug|Any CPU
		Release|Any CPU = Release|Any CPU
	EndGlobalSection
	GlobalSection(ProjectConfigurationPlatforms) = postSolution
		{949271AF-E9EB-4699-BAA7-31986185DEE5}.Debug|Any CPU.ActiveCfg = Debug|Any CPU
		{949271AF-E9EB-4699-BAA7-31986185DEE5}.Debug|Any CPU.Build.0 = Debug|Any CPU
		{949271AF-E9EB-4699-BAA7-31986185DEE5}.Release|Any CPU.ActiveCfg = Release|Any CPU
		{949271AF-E9EB-4699-BAA7-31986185DEE5}.Release|Any CPU.Build.0 = Release|Any CPU
	EndGlobalSection
	GlobalSection(SolutionProperties) = preSolution
		HideSolutionNode = FALSE
	EndGlobalSection
	GlobalSection(ExtensibilityGlobals) = postSolution
		SolutionGuid = {3DCE28BF-CD99-4A72-9B3F-67BEA2A2ACE2}
	EndGlobalSection
EndGlobal
